
Microsoft Visual Studio Solution File, Format Version 12.00
# Visual Studio 14
VisualStudioVersion = 14.0.25123.0
MinimumVisualStudioVersion = 10.0.40219.1
Project("{FAE04EC0-301F-11D3-BF4B-00C04F79EFBC}") = "Framework", "Framework\Framework.csproj", "{C660F6AF-C100-4169-A9FB-61E1EBE87F34}"
EndProject
Project("{FAE04EC0-301F-11D3-BF4B-00C04F79EFBC}") = "ShaderVBOExample", "Examples\ShaderVBOExample\ShaderVBOExample.csproj", "{C9043719-1776-48D3-9515-5370F1508C48}"
EndProject
Project("{FAE04EC0-301F-11D3-BF4B-00C04F79EFBC}") = "MinimalShaderOpenGL", "Examples\MinimalShaderExample\MinimalShaderOpenGL.csproj", "{D2E19210-80D1-4F07-8E9D-5205F18B0B26}"
EndProject
Project("{FAE04EC0-301F-11D3-BF4B-00C04F79EFBC}") = "CameraExample", "Examples\CameraExample\CameraExample.csproj", "{D1EBA24E-C135-4AF4-9802-D6EEBEEC2656}"
EndProject
Project("{2150E333-8FDC-42A3-9474-1A3956D46DE8}") = "Solution Items", "Solution Items", "{68396AE1-775C-4CE8-BCE1-501A89DADF64}"
	ProjectSection(SolutionItems) = preProject
		readme.md = readme.md
	EndProjectSection
EndProject
Project("{FAE04EC0-301F-11D3-BF4B-00C04F79EFBC}") = "MeshExample", "Examples\MeshExample\MeshExample.csproj", "{A4ED5B7A-C3CA-4E53-A5C3-61A5D81F5188}"
EndProject
Global
	GlobalSection(SolutionConfigurationPlatforms) = preSolution
		Debug|Any CPU = Debug|Any CPU
		Release|Any CPU = Release|Any CPU
	EndGlobalSection
	GlobalSection(ProjectConfigurationPlatforms) = postSolution
		{C660F6AF-C100-4169-A9FB-61E1EBE87F34}.Debug|Any CPU.ActiveCfg = Debug|Any CPU
		{C660F6AF-C100-4169-A9FB-61E1EBE87F34}.Debug|Any CPU.Build.0 = Debug|Any CPU
		{C660F6AF-C100-4169-A9FB-61E1EBE87F34}.Release|Any CPU.ActiveCfg = Release|Any CPU
		{C660F6AF-C100-4169-A9FB-61E1EBE87F34}.Release|Any CPU.Build.0 = Release|Any CPU
		{C9043719-1776-48D3-9515-5370F1508C48}.Debug|Any CPU.ActiveCfg = Debug|Any CPU
		{C9043719-1776-48D3-9515-5370F1508C48}.Debug|Any CPU.Build.0 = Debug|Any CPU
		{C9043719-1776-48D3-9515-5370F1508C48}.Release|Any CPU.ActiveCfg = Release|Any CPU
		{C9043719-1776-48D3-9515-5370F1508C48}.Release|Any CPU.Build.0 = Release|Any CPU
		{D2E19210-80D1-4F07-8E9D-5205F18B0B26}.Debug|Any CPU.ActiveCfg = Debug|Any CPU
		{D2E19210-80D1-4F07-8E9D-5205F18B0B26}.Debug|Any CPU.Build.0 = Debug|Any CPU
		{D2E19210-80D1-4F07-8E9D-5205F18B0B26}.Release|Any CPU.ActiveCfg = Release|Any CPU
		{D2E19210-80D1-4F07-8E9D-5205F18B0B26}.Release|Any CPU.Build.0 = Release|Any CPU
		{D1EBA24E-C135-4AF4-9802-D6EEBEEC2656}.Debug|Any CPU.ActiveCfg = Debug|Any CPU
		{D1EBA24E-C135-4AF4-9802-D6EEBEEC2656}.Debug|Any CPU.Build.0 = Debug|Any CPU
		{D1EBA24E-C135-4AF4-9802-D6EEBEEC2656}.Release|Any CPU.ActiveCfg = Release|Any CPU
		{D1EBA24E-C135-4AF4-9802-D6EEBEEC2656}.Release|Any CPU.Build.0 = Release|Any CPU
		{A4ED5B7A-C3CA-4E53-A5C3-61A5D81F5188}.Debug|Any CPU.ActiveCfg = Debug|Any CPU
		{A4ED5B7A-C3CA-4E53-A5C3-61A5D81F5188}.Debug|Any CPU.Build.0 = Debug|Any CPU
		{A4ED5B7A-C3CA-4E53-A5C3-61A5D81F5188}.Release|Any CPU.ActiveCfg = Release|Any CPU
		{A4ED5B7A-C3CA-4E53-A5C3-61A5D81F5188}.Release|Any CPU.Build.0 = Release|Any CPU
	EndGlobalSection
	GlobalSection(SolutionProperties) = preSolution
		HideSolutionNode = FALSE
	EndGlobalSection
EndGlobal
